
Microsoft Visual Studio Solution File, Format Version 12.00
# Visual Studio 15
VisualStudioVersion = 15.0.26014.0
MinimumVisualStudioVersion = 10.0.40219.1
Project("{FAE04EC0-301F-11D3-BF4B-00C04F79EFBC}") = "PartnerCenter.CustomerPortal", "Source\PartnerCenter.CustomerPortal\PartnerCenter.CustomerPortal.csproj", "{07C22DE5-B22A-474D-B593-9F5DA84C6DD8}"
EndProject
Project("{151D2E53-A2C4-4D7D-83FE-D05416EBD58E}") = "CustomerPortal.Deployment", "Source\CustomerPortal.Deployment\CustomerPortal.Deployment.deployproj", "{D0359F86-1AA6-4646-87A0-4BA66A5D35FD}"
EndProject
Project("{2150E333-8FDC-42A3-9474-1A3956D46DE8}") = "Azure Click To Deploy", "Azure Click To Deploy", "{EA762CF6-7773-4566-9B93-6DF622B028B8}"
	ProjectSection(SolutionItems) = preProject
		azuredeploy.json = azuredeploy.json
		azuredeploy.param.json = azuredeploy.param.json
	EndProjectSection
EndProject
Project("{2150E333-8FDC-42A3-9474-1A3956D46DE8}") = "GitHub Docs", "GitHub Docs", "{967550ED-94D1-40B1-8CA5-831075025128}"
	ProjectSection(SolutionItems) = preProject
		CONTRIBUTING.md = CONTRIBUTING.md
		LICENSE = LICENSE
		README.md = README.md
	EndProjectSection
EndProject
Global
	GlobalSection(SolutionConfigurationPlatforms) = preSolution
		Debug|Any CPU = Debug|Any CPU
		Release|Any CPU = Release|Any CPU
	EndGlobalSection
	GlobalSection(ProjectConfigurationPlatforms) = postSolution
		{07C22DE5-B22A-474D-B593-9F5DA84C6DD8}.Debug|Any CPU.ActiveCfg = Debug|Any CPU
		{07C22DE5-B22A-474D-B593-9F5DA84C6DD8}.Debug|Any CPU.Build.0 = Debug|Any CPU
		{07C22DE5-B22A-474D-B593-9F5DA84C6DD8}.Release|Any CPU.ActiveCfg = Release|Any CPU
		{07C22DE5-B22A-474D-B593-9F5DA84C6DD8}.Release|Any CPU.Build.0 = Release|Any CPU
		{D0359F86-1AA6-4646-87A0-4BA66A5D35FD}.Debug|Any CPU.ActiveCfg = Debug|Any CPU
		{D0359F86-1AA6-4646-87A0-4BA66A5D35FD}.Debug|Any CPU.Build.0 = Debug|Any CPU
		{D0359F86-1AA6-4646-87A0-4BA66A5D35FD}.Release|Any CPU.ActiveCfg = Release|Any CPU
		{D0359F86-1AA6-4646-87A0-4BA66A5D35FD}.Release|Any CPU.Build.0 = Release|Any CPU
	EndGlobalSection
	GlobalSection(SolutionProperties) = preSolution
		HideSolutionNode = FALSE
	EndGlobalSection
	GlobalSection(ExtensibilityGlobals) = postSolution
		RESX_PrefixTranslations = False
	EndGlobalSection
EndGlobal
